// !$*UTF8*$!
{
	archiveVersion = 1;
	classes = {
	};
	objectVersion = 50;
	objects = {

/* Begin PBXBuildFile section */
		1492541624857FFB00AD62FB /* AppDelegate.swift in Sources */ = {isa = PBXBuildFile; fileRef = 1492541524857FFB00AD62FB /* AppDelegate.swift */; };
		1492541824857FFB00AD62FB /* SceneDelegate.swift in Sources */ = {isa = PBXBuildFile; fileRef = 1492541724857FFB00AD62FB /* SceneDelegate.swift */; };
		1492541A24857FFB00AD62FB /* ContentView.swift in Sources */ = {isa = PBXBuildFile; fileRef = 1492541924857FFB00AD62FB /* ContentView.swift */; };
		1492541C2485800400AD62FB /* Assets.xcassets in Resources */ = {isa = PBXBuildFile; fileRef = 1492541B2485800400AD62FB /* Assets.xcassets */; };
		1492541F2485800400AD62FB /* Preview Assets.xcassets in Resources */ = {isa = PBXBuildFile; fileRef = 1492541E2485800400AD62FB /* Preview Assets.xcassets */; };
		149254222485800400AD62FB /* LaunchScreen.storyboard in Resources */ = {isa = PBXBuildFile; fileRef = 149254202485800400AD62FB /* LaunchScreen.storyboard */; };
/* End PBXBuildFile section */

/* Begin PBXFileReference section */
		1492541224857FFB00AD62FB /* SwiftUI-Alerts.app */ = {isa = PBXFileReference; explicitFileType = wrapper.application; includeInIndex = 0; path = "SwiftUI-Alerts.app"; sourceTree = BUILT_PRODUCTS_DIR; };
		1492541524857FFB00AD62FB /* AppDelegate.swift */ = {isa = PBXFileReference; lastKnownFileType = sourcecode.swift; path = AppDelegate.swift; sourceTree = "<group>"; };
		1492541724857FFB00AD62FB /* SceneDelegate.swift */ = {isa = PBXFileReference; lastKnownFileType = sourcecode.swift; path = SceneDelegate.swift; sourceTree = "<group>"; };
		1492541924857FFB00AD62FB /* ContentView.swift */ = {isa = PBXFileReference; lastKnownFileType = sourcecode.swift; path = ContentView.swift; sourceTree = "<group>"; };
		1492541B2485800400AD62FB /* Assets.xcassets */ = {isa = PBXFileReference; lastKnownFileType = folder.assetcatalog; path = Assets.xcassets; sourceTree = "<group>"; };
		1492541E2485800400AD62FB /* Preview Assets.xcassets */ = {isa = PBXFileReference; lastKnownFileType = folder.assetcatalog; path = "Preview Assets.xcassets"; sourceTree = "<group>"; };
		149254212485800400AD62FB /* Base */ = {isa = PBXFileReference; lastKnownFileType = file.storyboard; name = Base; path = Base.lproj/LaunchScreen.storyboard; sourceTree = "<group>"; };
		149254232485800400AD62FB /* Info.plist */ = {isa = PBXFileReference; lastKnownFileType = text.plist.xml; path = Info.plist; sourceTree = "<group>"; };
/* End PBXFileReference section */

/* Begin PBXFrameworksBuildPhase section */
		1492540F24857FFB00AD62FB /* Frameworks */ = {
			isa = PBXFrameworksBuildPhase;
			buildActionMask = 2147483647;
			files = (
			);
			runOnlyForDeploymentPostprocessing = 0;
		};
/* End PBXFrameworksBuildPhase section */

/* Begin PBXGroup section */
		1492540924857FFB00AD62FB = {
			isa = PBXGroup;
			children = (
				1492541424857FFB00AD62FB /* SwiftUI-Alerts */,
				1492541324857FFB00AD62FB /* Products */,
			);
			sourceTree = "<group>";
		};
		1492541324857FFB00AD62FB /* Products */ = {
			isa = PBXGroup;
			children = (
				1492541224857FFB00AD62FB /* SwiftUI-Alerts.app */,
			);
			name = Products;
			sourceTree = "<group>";
		};
		1492541424857FFB00AD62FB /* SwiftUI-Alerts */ = {
			isa = PBXGroup;
			children = (
				1492541524857FFB00AD62FB /* AppDelegate.swift */,
				1492541724857FFB00AD62FB /* SceneDelegate.swift */,
				1492541924857FFB00AD62FB /* ContentView.swift */,
				1492541B2485800400AD62FB /* Assets.xcassets */,
				149254202485800400AD62FB /* LaunchScreen.storyboard */,
				149254232485800400AD62FB /* Info.plist */,
				1492541D2485800400AD62FB /* Preview Content */,
			);
			path = "SwiftUI-Alerts";
			sourceTree = "<group>";
		};
		1492541D2485800400AD62FB /* Preview Content */ = {
			isa = PBXGroup;
			children = (
				1492541E2485800400AD62FB /* Preview Assets.xcassets */,
			);
			path = "Preview Content";
			sourceTree = "<group>";
		};
/* End PBXGroup section */

/* Begin PBXNativeTarget section */
		1492541124857FFB00AD62FB /* SwiftUI-Alerts */ = {
			isa = PBXNativeTarget;
			buildConfigurationList = 149254262485800400AD62FB /* Build configuration list for PBXNativeTarget "SwiftUI-Alerts" */;
			buildPhases = (
				1492540E24857FFB00AD62FB /* Sources */,
				1492540F24857FFB00AD62FB /* Frameworks */,
				1492541024857FFB00AD62FB /* Resources */,
			);
			buildRules = (
			);
			dependencies = (
			);
			name = "SwiftUI-Alerts";
			productName = "SwiftUI-Alerts";
			productReference = 1492541224857FFB00AD62FB /* SwiftUI-Alerts.app */;
			productType = "com.apple.product-type.application";
		};
/* End PBXNativeTarget section */

/* Begin PBXProject section */
		1492540A24857FFB00AD62FB /* Project object */ = {
			isa = PBXProject;
			attributes = {
				LastSwiftUpdateCheck = 1140;
				LastUpgradeCheck = 1140;
				ORGANIZATIONNAME = ceren;
				TargetAttributes = {
					1492541124857FFB00AD62FB = {
						CreatedOnToolsVersion = 11.4;
					};
				};
			};
			buildConfigurationList = 1492540D24857FFB00AD62FB /* Build configuration list for PBXProject "SwiftUI-Alerts" */;
			compatibilityVersion = "Xcode 9.3";
			developmentRegion = en;
			hasScannedForEncodings = 0;
			knownRegions = (
				en,
				Base,
			);
			mainGroup = 1492540924857FFB00AD62FB;
			productRefGroup = 1492541324857FFB00AD62FB /* Products */;
			projectDirPath = "";
			projectRoot = "";
			targets = (
				1492541124857FFB00AD62FB /* SwiftUI-Alerts */,
			);
		};
/* End PBXProject section */

/* Begin PBXResourcesBuildPhase section */
		1492541024857FFB00AD62FB /* Resources */ = {
			isa = PBXResourcesBuildPhase;
			buildActionMask = 2147483647;
			files = (
				149254222485800400AD62FB /* LaunchScreen.storyboard in Resources */,
				1492541F2485800400AD62FB /* Preview Assets.xcassets in Resources */,
				1492541C2485800400AD62FB /* Assets.xcassets in Resources */,
			);
			runOnlyForDeploymentPostprocessing = 0;
		};
/* End PBXResourcesBuildPhase section */

/* Begin PBXSourcesBuildPhase section */
		1492540E24857FFB00AD62FB /* Sources */ = {
			isa = PBXSourcesBuildPhase;
			buildActionMask = 2147483647;
			files = (
				1492541624857FFB00AD62FB /* AppDelegate.swift in Sources */,
				1492541824857FFB00AD62FB /* SceneDelegate.swift in Sources */,
				1492541A24857FFB00AD62FB /* ContentView.swift in Sources */,
			);
			runOnlyForDeploymentPostprocessing = 0;
		};
/* End PBXSourcesBuildPhase section */

/* Begin PBXVariantGroup section */
		149254202485800400AD62FB /* LaunchScreen.storyboard */ = {
			isa = PBXVariantGroup;
			children = (
				149254212485800400AD62FB /* Base */,
			);
			name = LaunchScreen.storyboard;
			sourceTree = "<group>";
		};
/* End PBXVariantGroup section */

/* Begin XCBuildConfiguration section */
		149254242485800400AD62FB /* Debug */ = {
			isa = XCBuildConfiguration;
			buildSettings = {
				ALWAYS_SEARCH_USER_PATHS = NO;
				CLANG_ANALYZER_NONNULL = YES;
				CLANG_ANALYZER_NUMBER_OBJECT_CONVERSION = YES_AGGRESSIVE;
				CLANG_CXX_LANGUAGE_STANDARD = "gnu++14";
				CLANG_CXX_LIBRARY = "libc++";
				CLANG_ENABLE_MODULES = YES;
				CLANG_ENABLE_OBJC_ARC = YES;
				CLANG_ENABLE_OBJC_WEAK = YES;
				CLANG_WARN_BLOCK_CAPTURE_AUTORELEASING = YES;
				CLANG_WARN_BOOL_CONVERSION = YES;
				CLANG_WARN_COMMA = YES;
				CLANG_WARN_CONSTANT_CONVERSION = YES;
				CLANG_WARN_DEPRECATED_OBJC_IMPLEMENTATIONS = YES;
				CLANG_WARN_DIRECT_OBJC_ISA_USAGE = YES_ERROR;
				CLANG_WARN_DOCUMENTATION_COMMENTS = YES;
				CLANG_WARN_EMPTY_BODY = YES;
				CLANG_WARN_ENUM_CONVERSION = YES;
				CLANG_WARN_INFINITE_RECURSION = YES;
				CLANG_WARN_INT_CONVERSION = YES;
				CLANG_WARN_NON_LITERAL_NULL_CONVERSION = YES;
				CLANG_WARN_OBJC_IMPLICIT_RETAIN_SELF = YES;
				CLANG_WARN_OBJC_LITERAL_CONVERSION = YES;
				CLANG_WARN_OBJC_ROOT_CLASS = YES_ERROR;
				CLANG_WARN_RANGE_LOOP_ANALYSIS = YES;
				CLANG_WARN_STRICT_PROTOTYPES = YES;
				CLANG_WARN_SUSPICIOUS_MOVE = YES;
				CLANG_WARN_UNGUARDED_AVAILABILITY = YES_AGGRESSIVE;
				CLANG_WARN_UNREACHABLE_CODE = YES;
				CLANG_WARN__DUPLICATE_METHOD_MATCH = YES;
				COPY_PHASE_STRIP = NO;
				DEBUG_INFORMATION_FORMAT = dwarf;
				ENABLE_STRICT_OBJC_MSGSEND = YES;
				ENABLE_TESTABILITY = YES;
				GCC_C_LANGUAGE_STANDARD = gnu11;
				GCC_DYNAMIC_NO_PIC = NO;
				GCC_NO_COMMON_BLOCKS = YES;
				GCC_OPTIMIZATION_LEVEL = 0;
				GCC_PREPROCESSOR_DEFINITIONS = (
					"DEBUG=1",
					"$(inherited)",
				);
				GCC_WARN_64_TO_32_BIT_CONVERSION = YES;
				GCC_WARN_ABOUT_RETURN_TYPE = YES_ERROR;
				GCC_WARN_UNDECLARED_SELECTOR = YES;
				GCC_WARN_UNINITIALIZED_AUTOS = YES_AGGRESSIVE;
				GCC_WARN_UNUSED_FUNCTION = YES;
				GCC_WARN_UNUSED_VARIABLE = YES;
				IPHONEOS_DEPLOYMENT_TARGET = 13.4;
				MTL_ENABLE_DEBUG_INFO = INCLUDE_SOURCE;
				MTL_FAST_MATH = YES;
				ONLY_ACTIVE_ARCH = YES;
				SDKROOT = iphoneos;
				SWIFT_ACTIVE_COMPILATION_CONDITIONS = DEBUG;
				SWIFT_OPTIMIZATION_LEVEL = "-Onone";
			};
			name = Debug;
		};
		149254252485800400AD62FB /* Release */ = {
			isa = XCBuildConfiguration;
			buildSettings = {
				ALWAYS_SEARCH_USER_PATHS = NO;
				CLANG_ANALYZER_NONNULL = YES;
				CLANG_ANALYZER_NUMBER_OBJECT_CONVERSION = YES_AGGRESSIVE;
				CLANG_CXX_LANGUAGE_STANDARD = "gnu++14";
				CLANG_CXX_LIBRARY = "libc++";
				CLANG_ENABLE_MODULES = YES;
				CLANG_ENABLE_OBJC_ARC = YES;
				CLANG_ENABLE_OBJC_WEAK = YES;
				CLANG_WARN_BLOCK_CAPTURE_AUTORELEASING = YES;
				CLANG_WARN_BOOL_CONVERSION = YES;
				CLANG_WARN_COMMA = YES;
				CLANG_WARN_CONSTANT_CONVERSION = YES;
				CLANG_WARN_DEPRECATED_OBJC_IMPLEMENTATIONS = YES;
				CLANG_WARN_DIRECT_OBJC_ISA_USAGE = YES_ERROR;
				CLANG_WARN_DOCUMENTATION_COMMENTS = YES;
				CLANG_WARN_EMPTY_BODY = YES;
				CLANG_WARN_ENUM_CONVERSION = YES;
				CLANG_WARN_INFINITE_RECURSION = YES;
				CLANG_WARN_INT_CONVERSION = YES;
				CLANG_WARN_NON_LITERAL_NULL_CONVERSION = YES;
				CLANG_WARN_OBJC_IMPLICIT_RETAIN_SELF = YES;
				CLANG_WARN_OBJC_LITERAL_CONVERSION = YES;
				CLANG_WARN_OBJC_ROOT_CLASS = YES_ERROR;
				CLANG_WARN_RANGE_LOOP_ANALYSIS = YES;
				CLANG_WARN_STRICT_PROTOTYPES = YES;
				CLANG_WARN_SUSPICIOUS_MOVE = YES;
				CLANG_WARN_UNGUARDED_AVAILABILITY = YES_AGGRESSIVE;
				CLANG_WARN_UNREACHABLE_CODE = YES;
				CLANG_WARN__DUPLICATE_METHOD_MATCH = YES;
				COPY_PHASE_STRIP = NO;
				DEBUG_INFORMATION_FORMAT = "dwarf-with-dsym";
				ENABLE_NS_ASSERTIONS = NO;
				ENABLE_STRICT_OBJC_MSGSEND = YES;
				GCC_C_LANGUAGE_STANDARD = gnu11;
				GCC_NO_COMMON_BLOCKS = YES;
				GCC_WARN_64_TO_32_BIT_CONVERSION = YES;
				GCC_WARN_ABOUT_RETURN_TYPE = YES_ERROR;
				GCC_WARN_UNDECLARED_SELECTOR = YES;
				GCC_WARN_UNINITIALIZED_AUTOS = YES_AGGRESSIVE;
				GCC_WARN_UNUSED_FUNCTION = YES;
				GCC_WARN_UNUSED_VARIABLE = YES;
				IPHONEOS_DEPLOYMENT_TARGET = 13.4;
				MTL_ENABLE_DEBUG_INFO = NO;
				MTL_FAST_MATH = YES;
				SDKROOT = iphoneos;
				SWIFT_COMPILATION_MODE = wholemodule;
				SWIFT_OPTIMIZATION_LEVEL = "-O";
				VALIDATE_PRODUCT = YES;
			};
			name = Release;
		};
		149254272485800400AD62FB /* Debug */ = {
			isa = XCBuildConfiguration;
			buildSettings = {
				ASSETCATALOG_COMPILER_APPICON_NAME = AppIcon;
				CODE_SIGN_STYLE = Automatic;
				DEVELOPMENT_ASSET_PATHS = "\"SwiftUI-Alerts/Preview Content\"";
				DEVELOPMENT_TEAM = T66S44XPZ4;
				ENABLE_PREVIEWS = YES;
				INFOPLIST_FILE = "SwiftUI-Alerts/Info.plist";
				LD_RUNPATH_SEARCH_PATHS = (
					"$(inherited)",
					"@executable_path/Frameworks",
				);
				PRODUCT_BUNDLE_IDENTIFIER = "com.SwiftUI-Alerts";
				PRODUCT_NAME = "$(TARGET_NAME)";
				SWIFT_VERSION = 5.0;
				TARGETED_DEVICE_FAMILY = "1,2";
			};
			name = Debug;
		};
		149254282485800400AD62FB /* Release */ = {
			isa = XCBuildConfiguration;
			buildSettings = {
				ASSETCATALOG_COMPILER_APPICON_NAME = AppIcon;
				CODE_SIGN_STYLE = Automatic;
				DEVELOPMENT_ASSET_PATHS = "\"SwiftUI-Alerts/Preview Content\"";
				DEVELOPMENT_TEAM = T66S44XPZ4;
				ENABLE_PREVIEWS = YES;
				INFOPLIST_FILE = "SwiftUI-Alerts/Info.plist";
				LD_RUNPATH_SEARCH_PATHS = (
					"$(inherited)",
					"@executable_path/Frameworks",
				);
				PRODUCT_BUNDLE_IDENTIFIER = "com.SwiftUI-Alerts";
				PRODUCT_NAME = "$(TARGET_NAME)";
				SWIFT_VERSION = 5.0;
				TARGETED_DEVICE_FAMILY = "1,2";
			};
			name = Release;
		};
/* End XCBuildConfiguration section */

/* Begin XCConfigurationList section */
		1492540D24857FFB00AD62FB /* Build configuration list for PBXProject "SwiftUI-Alerts" */ = {
			isa = XCConfigurationList;
			buildConfigurations = (
				149254242485800400AD62FB /* Debug */,
				149254252485800400AD62FB /* Release */,
			);
			defaultConfigurationIsVisible = 0;
			defaultConfigurationName = Release;
		};
		149254262485800400AD62FB /* Build configuration list for PBXNativeTarget "SwiftUI-Alerts" */ = {
			isa = XCConfigurationList;
			buildConfigurations = (
				149254272485800400AD62FB /* Debug */,
				149254282485800400AD62FB /* Release */,
			);
			defaultConfigurationIsVisible = 0;
			defaultConfigurationName = Release;
		};
/* End XCConfigurationList section */
	};
	rootObject = 1492540A24857FFB00AD62FB /* Project object */;
}
